
Microsoft Visual Studio Solution File, Format Version 12.00
# Visual Studio 15
Project("{FAE04EC0-301F-11D3-BF4B-00C04F79EFBC}") = "Cactus Juice", "Cactus Juice.csproj", "{3A957E6F-ADF9-0F4F-B81C-EA8B030F9BAE}"
EndProject
Global
	GlobalSection(SolutionConfigurationPlatforms) = preSolution
		Debug|Any CPU = Debug|Any CPU
		Release|Any CPU = Release|Any CPU
	EndGlobalSection
	GlobalSection(ProjectConfigurationPlatforms) = postSolution
		{3A957E6F-ADF9-0F4F-B81C-EA8B030F9BAE}.Debug|Any CPU.ActiveCfg = Debug|Any CPU
		{3A957E6F-ADF9-0F4F-B81C-EA8B030F9BAE}.Debug|Any CPU.Build.0 = Debug|Any CPU
		{3A957E6F-ADF9-0F4F-B81C-EA8B030F9BAE}.Release|Any CPU.ActiveCfg = Release|Any CPU
		{3A957E6F-ADF9-0F4F-B81C-EA8B030F9BAE}.Release|Any CPU.Build.0 = Release|Any CPU
	EndGlobalSection
	GlobalSection(SolutionProperties) = preSolution
		HideSolutionNode = FALSE
	EndGlobalSection
EndGlobal
